// !$*UTF8*$!
{
	archiveVersion = 1;
	classes = {
	};
	objectVersion = 46;
	objects = {

/* Begin PBXBuildFile section */
		3FE1773B1C65B9A700721660 /* AppDelegate.swift in Sources */ = {isa = PBXBuildFile; fileRef = 3FE1773A1C65B9A700721660 /* AppDelegate.swift */; };
		3FE1773D1C65B9A700721660 /* ViewController.swift in Sources */ = {isa = PBXBuildFile; fileRef = 3FE1773C1C65B9A700721660 /* ViewController.swift */; };
		3FE177401C65B9A700721660 /* Main.storyboard in Resources */ = {isa = PBXBuildFile; fileRef = 3FE1773E1C65B9A700721660 /* Main.storyboard */; };
		3FE177421C65B9A700721660 /* Assets.xcassets in Resources */ = {isa = PBXBuildFile; fileRef = 3FE177411C65B9A700721660 /* Assets.xcassets */; };
		3FE177451C65B9A700721660 /* LaunchScreen.storyboard in Resources */ = {isa = PBXBuildFile; fileRef = 3FE177431C65B9A700721660 /* LaunchScreen.storyboard */; };
		3FE177501C65B9A700721660 /* HelloGitHubTests.swift in Sources */ = {isa = PBXBuildFile; fileRef = 3FE1774F1C65B9A700721660 /* HelloGitHubTests.swift */; };
		3FE1775B1C65B9A700721660 /* HelloGitHubUITests.swift in Sources */ = {isa = PBXBuildFile; fileRef = 3FE1775A1C65B9A700721660 /* HelloGitHubUITests.swift */; };
/* End PBXBuildFile section */

/* Begin PBXContainerItemProxy section */
		3FE1774C1C65B9A700721660 /* PBXContainerItemProxy */ = {
			isa = PBXContainerItemProxy;
			containerPortal = 3FE1772F1C65B9A700721660 /* Project object */;
			proxyType = 1;
			remoteGlobalIDString = 3FE177361C65B9A700721660;
			remoteInfo = HelloGitHub;
		};
		3FE177571C65B9A700721660 /* PBXContainerItemProxy */ = {
			isa = PBXContainerItemProxy;
			containerPortal = 3FE1772F1C65B9A700721660 /* Project object */;
			proxyType = 1;
			remoteGlobalIDString = 3FE177361C65B9A700721660;
			remoteInfo = HelloGitHub;
		};
/* End PBXContainerItemProxy section */

/* Begin PBXFileReference section */
		3FE177371C65B9A700721660 /* HelloGitHub.app */ = {isa = PBXFileReference; explicitFileType = wrapper.application; includeInIndex = 0; path = HelloGitHub.app; sourceTree = BUILT_PRODUCTS_DIR; };
		3FE1773A1C65B9A700721660 /* AppDelegate.swift */ = {isa = PBXFileReference; lastKnownFileType = sourcecode.swift; path = AppDelegate.swift; sourceTree = "<group>"; };
		3FE1773C1C65B9A700721660 /* ViewController.swift */ = {isa = PBXFileReference; lastKnownFileType = sourcecode.swift; path = ViewController.swift; sourceTree = "<group>"; };
		3FE1773F1C65B9A700721660 /* Base */ = {isa = PBXFileReference; lastKnownFileType = file.storyboard; name = Base; path = Base.lproj/Main.storyboard; sourceTree = "<group>"; };
		3FE177411C65B9A700721660 /* Assets.xcassets */ = {isa = PBXFileReference; lastKnownFileType = folder.assetcatalog; path = Assets.xcassets; sourceTree = "<group>"; };
		3FE177441C65B9A700721660 /* Base */ = {isa = PBXFileReference; lastKnownFileType = file.storyboard; name = Base; path = Base.lproj/LaunchScreen.storyboard; sourceTree = "<group>"; };
		3FE177461C65B9A700721660 /* Info.plist */ = {isa = PBXFileReference; lastKnownFileType = text.plist.xml; path = Info.plist; sourceTree = "<group>"; };
		3FE1774B1C65B9A700721660 /* HelloGitHubTests.xctest */ = {isa = PBXFileReference; explicitFileType = wrapper.cfbundle; includeInIndex = 0; path = HelloGitHubTests.xctest; sourceTree = BUILT_PRODUCTS_DIR; };
		3FE1774F1C65B9A700721660 /* HelloGitHubTests.swift */ = {isa = PBXFileReference; lastKnownFileType = sourcecode.swift; path = HelloGitHubTests.swift; sourceTree = "<group>"; };
		3FE177511C65B9A700721660 /* Info.plist */ = {isa = PBXFileReference; lastKnownFileType = text.plist.xml; path = Info.plist; sourceTree = "<group>"; };
		3FE177561C65B9A700721660 /* HelloGitHubUITests.xctest */ = {isa = PBXFileReference; explicitFileType = wrapper.cfbundle; includeInIndex = 0; path = HelloGitHubUITests.xctest; sourceTree = BUILT_PRODUCTS_DIR; };
		3FE1775A1C65B9A700721660 /* HelloGitHubUITests.swift */ = {isa = PBXFileReference; lastKnownFileType = sourcecode.swift; path = HelloGitHubUITests.swift; sourceTree = "<group>"; };
		3FE1775C1C65B9A700721660 /* Info.plist */ = {isa = PBXFileReference; lastKnownFileType = text.plist.xml; path = Info.plist; sourceTree = "<group>"; };
/* End PBXFileReference section */

/* Begin PBXFrameworksBuildPhase section */
		3FE177341C65B9A700721660 /* Frameworks */ = {
			isa = PBXFrameworksBuildPhase;
			buildActionMask = 2147483647;
			files = (
			);
			runOnlyForDeploymentPostprocessing = 0;
		};
		3FE177481C65B9A700721660 /* Frameworks */ = {
			isa = PBXFrameworksBuildPhase;
			buildActionMask = 2147483647;
			files = (
			);
			runOnlyForDeploymentPostprocessing = 0;
		};
		3FE177531C65B9A700721660 /* Frameworks */ = {
			isa = PBXFrameworksBuildPhase;
			buildActionMask = 2147483647;
			files = (
			);
			runOnlyForDeploymentPostprocessing = 0;
		};
/* End PBXFrameworksBuildPhase section */

/* Begin PBXGroup section */
		3FE1772E1C65B9A700721660 = {
			isa = PBXGroup;
			children = (
				3FE177391C65B9A700721660 /* HelloGitHub */,
				3FE1774E1C65B9A700721660 /* HelloGitHubTests */,
				3FE177591C65B9A700721660 /* HelloGitHubUITests */,
				3FE177381C65B9A700721660 /* Products */,
			);
			sourceTree = "<group>";
		};
		3FE177381C65B9A700721660 /* Products */ = {
			isa = PBXGroup;
			children = (
				3FE177371C65B9A700721660 /* HelloGitHub.app */,
				3FE1774B1C65B9A700721660 /* HelloGitHubTests.xctest */,
				3FE177561C65B9A700721660 /* HelloGitHubUITests.xctest */,
			);
			name = Products;
			sourceTree = "<group>";
		};
		3FE177391C65B9A700721660 /* HelloGitHub */ = {
			isa = PBXGroup;
			children = (
				3FE1773A1C65B9A700721660 /* AppDelegate.swift */,
				3FE1773C1C65B9A700721660 /* ViewController.swift */,
				3FE1773E1C65B9A700721660 /* Main.storyboard */,
				3FE177411C65B9A700721660 /* Assets.xcassets */,
				3FE177431C65B9A700721660 /* LaunchScreen.storyboard */,
				3FE177461C65B9A700721660 /* Info.plist */,
			);
			path = HelloGitHub;
			sourceTree = "<group>";
		};
		3FE1774E1C65B9A700721660 /* HelloGitHubTests */ = {
			isa = PBXGroup;
			children = (
				3FE1774F1C65B9A700721660 /* HelloGitHubTests.swift */,
				3FE177511C65B9A700721660 /* Info.plist */,
			);
			path = HelloGitHubTests;
			sourceTree = "<group>";
		};
		3FE177591C65B9A700721660 /* HelloGitHubUITests */ = {
			isa = PBXGroup;
			children = (
				3FE1775A1C65B9A700721660 /* HelloGitHubUITests.swift */,
				3FE1775C1C65B9A700721660 /* Info.plist */,
			);
			path = HelloGitHubUITests;
			sourceTree = "<group>";
		};
/* End PBXGroup section */

/* Begin PBXNativeTarget section */
		3FE177361C65B9A700721660 /* HelloGitHub */ = {
			isa = PBXNativeTarget;
			buildConfigurationList = 3FE1775F1C65B9A700721660 /* Build configuration list for PBXNativeTarget "HelloGitHub" */;
			buildPhases = (
				3FE177331C65B9A700721660 /* Sources */,
				3FE177341C65B9A700721660 /* Frameworks */,
				3FE177351C65B9A700721660 /* Resources */,
			);
			buildRules = (
			);
			dependencies = (
			);
			name = HelloGitHub;
			productName = HelloGitHub;
			productReference = 3FE177371C65B9A700721660 /* HelloGitHub.app */;
			productType = "com.apple.product-type.application";
		};
		3FE1774A1C65B9A700721660 /* HelloGitHubTests */ = {
			isa = PBXNativeTarget;
			buildConfigurationList = 3FE177621C65B9A700721660 /* Build configuration list for PBXNativeTarget "HelloGitHubTests" */;
			buildPhases = (
				3FE177471C65B9A700721660 /* Sources */,
				3FE177481C65B9A700721660 /* Frameworks */,
				3FE177491C65B9A700721660 /* Resources */,
			);
			buildRules = (
			);
			dependencies = (
				3FE1774D1C65B9A700721660 /* PBXTargetDependency */,
			);
			name = HelloGitHubTests;
			productName = HelloGitHubTests;
			productReference = 3FE1774B1C65B9A700721660 /* HelloGitHubTests.xctest */;
			productType = "com.apple.product-type.bundle.unit-test";
		};
		3FE177551C65B9A700721660 /* HelloGitHubUITests */ = {
			isa = PBXNativeTarget;
			buildConfigurationList = 3FE177651C65B9A700721660 /* Build configuration list for PBXNativeTarget "HelloGitHubUITests" */;
			buildPhases = (
				3FE177521C65B9A700721660 /* Sources */,
				3FE177531C65B9A700721660 /* Frameworks */,
				3FE177541C65B9A700721660 /* Resources */,
			);
			buildRules = (
			);
			dependencies = (
				3FE177581C65B9A700721660 /* PBXTargetDependency */,
			);
			name = HelloGitHubUITests;
			productName = HelloGitHubUITests;
			productReference = 3FE177561C65B9A700721660 /* HelloGitHubUITests.xctest */;
			productType = "com.apple.product-type.bundle.ui-testing";
		};
/* End PBXNativeTarget section */

/* Begin PBXProject section */
		3FE1772F1C65B9A700721660 /* Project object */ = {
			isa = PBXProject;
			attributes = {
				LastUpgradeCheck = 0700;
				ORGANIZATIONNAME = BRN;
				TargetAttributes = {
					3FE177361C65B9A700721660 = {
						CreatedOnToolsVersion = 7.0;
					};
					3FE1774A1C65B9A700721660 = {
						CreatedOnToolsVersion = 7.0;
						TestTargetID = 3FE177361C65B9A700721660;
					};
					3FE177551C65B9A700721660 = {
						CreatedOnToolsVersion = 7.0;
						TestTargetID = 3FE177361C65B9A700721660;
					};
				};
			};
			buildConfigurationList = 3FE177321C65B9A700721660 /* Build configuration list for PBXProject "HelloGitHub" */;
			compatibilityVersion = "Xcode 3.2";
			developmentRegion = English;
			hasScannedForEncodings = 0;
			knownRegions = (
				en,
				Base,
			);
			mainGroup = 3FE1772E1C65B9A700721660;
			productRefGroup = 3FE177381C65B9A700721660 /* Products */;
			projectDirPath = "";
			projectRoot = "";
			targets = (
				3FE177361C65B9A700721660 /* HelloGitHub */,
				3FE1774A1C65B9A700721660 /* HelloGitHubTests */,
				3FE177551C65B9A700721660 /* HelloGitHubUITests */,
			);
		};
/* End PBXProject section */

/* Begin PBXResourcesBuildPhase section */
		3FE177351C65B9A700721660 /* Resources */ = {
			isa = PBXResourcesBuildPhase;
			buildActionMask = 2147483647;
			files = (
				3FE177451C65B9A700721660 /* LaunchScreen.storyboard in Resources */,
				3FE177421C65B9A700721660 /* Assets.xcassets in Resources */,
				3FE177401C65B9A700721660 /* Main.storyboard in Resources */,
			);
			runOnlyForDeploymentPostprocessing = 0;
		};
		3FE177491C65B9A700721660 /* Resources */ = {
			isa = PBXResourcesBuildPhase;
			buildActionMask = 2147483647;
			files = (
			);
			runOnlyForDeploymentPostprocessing = 0;
		};
		3FE177541C65B9A700721660 /* Resources */ = {
			isa = PBXResourcesBuildPhase;
			buildActionMask = 2147483647;
			files = (
			);
			runOnlyForDeploymentPostprocessing = 0;
		};
/* End PBXResourcesBuildPhase section */

/* Begin PBXSourcesBuildPhase section */
		3FE177331C65B9A700721660 /* Sources */ = {
			isa = PBXSourcesBuildPhase;
			buildActionMask = 2147483647;
			files = (
				3FE1773D1C65B9A700721660 /* ViewController.swift in Sources */,
				3FE1773B1C65B9A700721660 /* AppDelegate.swift in Sources */,
			);
			runOnlyForDeploymentPostprocessing = 0;
		};
		3FE177471C65B9A700721660 /* Sources */ = {
			isa = PBXSourcesBuildPhase;
			buildActionMask = 2147483647;
			files = (
				3FE177501C65B9A700721660 /* HelloGitHubTests.swift in Sources */,
			);
			runOnlyForDeploymentPostprocessing = 0;
		};
		3FE177521C65B9A700721660 /* Sources */ = {
			isa = PBXSourcesBuildPhase;
			buildActionMask = 2147483647;
			files = (
				3FE1775B1C65B9A700721660 /* HelloGitHubUITests.swift in Sources */,
			);
			runOnlyForDeploymentPostprocessing = 0;
		};
/* End PBXSourcesBuildPhase section */

/* Begin PBXTargetDependency section */
		3FE1774D1C65B9A700721660 /* PBXTargetDependency */ = {
			isa = PBXTargetDependency;
			target = 3FE177361C65B9A700721660 /* HelloGitHub */;
			targetProxy = 3FE1774C1C65B9A700721660 /* PBXContainerItemProxy */;
		};
		3FE177581C65B9A700721660 /* PBXTargetDependency */ = {
			isa = PBXTargetDependency;
			target = 3FE177361C65B9A700721660 /* HelloGitHub */;
			targetProxy = 3FE177571C65B9A700721660 /* PBXContainerItemProxy */;
		};
/* End PBXTargetDependency section */

/* Begin PBXVariantGroup section */
		3FE1773E1C65B9A700721660 /* Main.storyboard */ = {
			isa = PBXVariantGroup;
			children = (
				3FE1773F1C65B9A700721660 /* Base */,
			);
			name = Main.storyboard;
			sourceTree = "<group>";
		};
		3FE177431C65B9A700721660 /* LaunchScreen.storyboard */ = {
			isa = PBXVariantGroup;
			children = (
				3FE177441C65B9A700721660 /* Base */,
			);
			name = LaunchScreen.storyboard;
			sourceTree = "<group>";
		};
/* End PBXVariantGroup section */

/* Begin XCBuildConfiguration section */
		3FE1775D1C65B9A700721660 /* Debug */ = {
			isa = XCBuildConfiguration;
			buildSettings = {
				ALWAYS_SEARCH_USER_PATHS = NO;
				CLANG_CXX_LANGUAGE_STANDARD = "gnu++0x";
				CLANG_CXX_LIBRARY = "libc++";
				CLANG_ENABLE_MODULES = YES;
				CLANG_ENABLE_OBJC_ARC = YES;
				CLANG_WARN_BOOL_CONVERSION = YES;
				CLANG_WARN_CONSTANT_CONVERSION = YES;
				CLANG_WARN_DIRECT_OBJC_ISA_USAGE = YES_ERROR;
				CLANG_WARN_EMPTY_BODY = YES;
				CLANG_WARN_ENUM_CONVERSION = YES;
				CLANG_WARN_INT_CONVERSION = YES;
				CLANG_WARN_OBJC_ROOT_CLASS = YES_ERROR;
				CLANG_WARN_UNREACHABLE_CODE = YES;
				CLANG_WARN__DUPLICATE_METHOD_MATCH = YES;
				"CODE_SIGN_IDENTITY[sdk=iphoneos*]" = "iPhone Developer";
				COPY_PHASE_STRIP = NO;
				DEBUG_INFORMATION_FORMAT = dwarf;
				ENABLE_STRICT_OBJC_MSGSEND = YES;
				ENABLE_TESTABILITY = YES;
				GCC_C_LANGUAGE_STANDARD = gnu99;
				GCC_DYNAMIC_NO_PIC = NO;
				GCC_NO_COMMON_BLOCKS = YES;
				GCC_OPTIMIZATION_LEVEL = 0;
				GCC_PREPROCESSOR_DEFINITIONS = (
					"DEBUG=1",
					"$(inherited)",
				);
				GCC_WARN_64_TO_32_BIT_CONVERSION = YES;
				GCC_WARN_ABOUT_RETURN_TYPE = YES_ERROR;
				GCC_WARN_UNDECLARED_SELECTOR = YES;
				GCC_WARN_UNINITIALIZED_AUTOS = YES_AGGRESSIVE;
				GCC_WARN_UNUSED_FUNCTION = YES;
				GCC_WARN_UNUSED_VARIABLE = YES;
				IPHONEOS_DEPLOYMENT_TARGET = 9.0;
				MTL_ENABLE_DEBUG_INFO = YES;
				ONLY_ACTIVE_ARCH = YES;
				SDKROOT = iphoneos;
				SWIFT_OPTIMIZATION_LEVEL = "-Onone";
			};
			name = Debug;
		};
		3FE1775E1C65B9A700721660 /* Release */ = {
			isa = XCBuildConfiguration;
			buildSettings = {
				ALWAYS_SEARCH_USER_PATHS = NO;
				CLANG_CXX_LANGUAGE_STANDARD = "gnu++0x";
				CLANG_CXX_LIBRARY = "libc++";
				CLANG_ENABLE_MODULES = YES;
				CLANG_ENABLE_OBJC_ARC = YES;
				CLANG_WARN_BOOL_CONVERSION = YES;
				CLANG_WARN_CONSTANT_CONVERSION = YES;
				CLANG_WARN_DIRECT_OBJC_ISA_USAGE = YES_ERROR;
				CLANG_WARN_EMPTY_BODY = YES;
				CLANG_WARN_ENUM_CONVERSION = YES;
				CLANG_WARN_INT_CONVERSION = YES;
				CLANG_WARN_OBJC_ROOT_CLASS = YES_ERROR;
				CLANG_WARN_UNREACHABLE_CODE = YES;
				CLANG_WARN__DUPLICATE_METHOD_MATCH = YES;
				"CODE_SIGN_IDENTITY[sdk=iphoneos*]" = "iPhone Developer";
				COPY_PHASE_STRIP = NO;
				DEBUG_INFORMATION_FORMAT = "dwarf-with-dsym";
				ENABLE_NS_ASSERTIONS = NO;
				ENABLE_STRICT_OBJC_MSGSEND = YES;
				GCC_C_LANGUAGE_STANDARD = gnu99;
				GCC_NO_COMMON_BLOCKS = YES;
				GCC_WARN_64_TO_32_BIT_CONVERSION = YES;
				GCC_WARN_ABOUT_RETURN_TYPE = YES_ERROR;
				GCC_WARN_UNDECLARED_SELECTOR = YES;
				GCC_WARN_UNINITIALIZED_AUTOS = YES_AGGRESSIVE;
				GCC_WARN_UNUSED_FUNCTION = YES;
				GCC_WARN_UNUSED_VARIABLE = YES;
				IPHONEOS_DEPLOYMENT_TARGET = 9.0;
				MTL_ENABLE_DEBUG_INFO = NO;
				SDKROOT = iphoneos;
				VALIDATE_PRODUCT = YES;
			};
			name = Release;
		};
		3FE177601C65B9A700721660 /* Debug */ = {
			isa = XCBuildConfiguration;
			buildSettings = {
				ASSETCATALOG_COMPILER_APPICON_NAME = AppIcon;
				INFOPLIST_FILE = HelloGitHub/Info.plist;
				LD_RUNPATH_SEARCH_PATHS = "$(inherited) @executable_path/Frameworks";
				PRODUCT_BUNDLE_IDENTIFIER = com.HelloGitHub;
				PRODUCT_NAME = "$(TARGET_NAME)";
			};
			name = Debug;
		};
		3FE177611C65B9A700721660 /* Release */ = {
			isa = XCBuildConfiguration;
			buildSettings = {
				ASSETCATALOG_COMPILER_APPICON_NAME = AppIcon;
				INFOPLIST_FILE = HelloGitHub/Info.plist;
				LD_RUNPATH_SEARCH_PATHS = "$(inherited) @executable_path/Frameworks";
				PRODUCT_BUNDLE_IDENTIFIER = com.HelloGitHub;
				PRODUCT_NAME = "$(TARGET_NAME)";
			};
			name = Release;
		};
		3FE177631C65B9A700721660 /* Debug */ = {
			isa = XCBuildConfiguration;
			buildSettings = {
				BUNDLE_LOADER = "$(TEST_HOST)";
				INFOPLIST_FILE = HelloGitHubTests/Info.plist;
				LD_RUNPATH_SEARCH_PATHS = "$(inherited) @executable_path/Frameworks @loader_path/Frameworks";
				PRODUCT_BUNDLE_IDENTIFIER = com.HelloGitHubTests;
				PRODUCT_NAME = "$(TARGET_NAME)";
				TEST_HOST = "$(BUILT_PRODUCTS_DIR)/HelloGitHub.app/HelloGitHub";
			};
			name = Debug;
		};
		3FE177641C65B9A700721660 /* Release */ = {
			isa = XCBuildConfiguration;
			buildSettings = {
				BUNDLE_LOADER = "$(TEST_HOST)";
				INFOPLIST_FILE = HelloGitHubTests/Info.plist;
				LD_RUNPATH_SEARCH_PATHS = "$(inherited) @executable_path/Frameworks @loader_path/Frameworks";
				PRODUCT_BUNDLE_IDENTIFIER = com.HelloGitHubTests;
				PRODUCT_NAME = "$(TARGET_NAME)";
				TEST_HOST = "$(BUILT_PRODUCTS_DIR)/HelloGitHub.app/HelloGitHub";
			};
			name = Release;
		};
		3FE177661C65B9A700721660 /* Debug */ = {
			isa = XCBuildConfiguration;
			buildSettings = {
				INFOPLIST_FILE = HelloGitHubUITests/Info.plist;
				LD_RUNPATH_SEARCH_PATHS = "$(inherited) @executable_path/Frameworks @loader_path/Frameworks";
				PRODUCT_BUNDLE_IDENTIFIER = com.HelloGitHubUITests;
				PRODUCT_NAME = "$(TARGET_NAME)";
				TEST_TARGET_NAME = HelloGitHub;
				USES_XCTRUNNER = YES;
			};
			name = Debug;
		};
		3FE177671C65B9A700721660 /* Release */ = {
			isa = XCBuildConfiguration;
			buildSettings = {
				INFOPLIST_FILE = HelloGitHubUITests/Info.plist;
				LD_RUNPATH_SEARCH_PATHS = "$(inherited) @executable_path/Frameworks @loader_path/Frameworks";
				PRODUCT_BUNDLE_IDENTIFIER = com.HelloGitHubUITests;
				PRODUCT_NAME = "$(TARGET_NAME)";
				TEST_TARGET_NAME = HelloGitHub;
				USES_XCTRUNNER = YES;
			};
			name = Release;
		};
/* End XCBuildConfiguration section */

/* Begin XCConfigurationList section */
		3FE177321C65B9A700721660 /* Build configuration list for PBXProject "HelloGitHub" */ = {
			isa = XCConfigurationList;
			buildConfigurations = (
				3FE1775D1C65B9A700721660 /* Debug */,
				3FE1775E1C65B9A700721660 /* Release */,
			);
			defaultConfigurationIsVisible = 0;
			defaultConfigurationName = Release;
		};
		3FE1775F1C65B9A700721660 /* Build configuration list for PBXNativeTarget "HelloGitHub" */ = {
			isa = XCConfigurationList;
			buildConfigurations = (
				3FE177601C65B9A700721660 /* Debug */,
				3FE177611C65B9A700721660 /* Release */,
			);
			defaultConfigurationIsVisible = 0;
		};
		3FE177621C65B9A700721660 /* Build configuration list for PBXNativeTarget "HelloGitHubTests" */ = {
			isa = XCConfigurationList;
			buildConfigurations = (
				3FE177631C65B9A700721660 /* Debug */,
				3FE177641C65B9A700721660 /* Release */,
			);
			defaultConfigurationIsVisible = 0;
		};
		3FE177651C65B9A700721660 /* Build configuration list for PBXNativeTarget "HelloGitHubUITests" */ = {
			isa = XCConfigurationList;
			buildConfigurations = (
				3FE177661C65B9A700721660 /* Debug */,
				3FE177671C65B9A700721660 /* Release */,
			);
			defaultConfigurationIsVisible = 0;
		};
/* End XCConfigurationList section */
	};
	rootObject = 3FE1772F1C65B9A700721660 /* Project object */;
}
